<?xml version="1.0" encoding="utf-8"?>
<Project ToolsVersion="4.0" xmlns="http://schemas.microsoft.com/developer/msbuild/2003">
  <ItemGroup>
    <Filter Include="Source Files">
      <UniqueIdentifier>{4FC737F1-C7A5-4376-A066-2A32D752A2FF}</UniqueIdentifier>
      <Extensions>cpp;c;cc;cxx;def;odl;idl;hpj;bat;asm;asmx</Extensions>
    </Filter>
    <Filter Include="Header Files">
      <UniqueIdentifier>{93995380-89BD-4b04-88EB-625FBE52EBFB}</UniqueIdentifier>
      <Extensions>h;hh;hpp;hxx;hm;inl;inc;xsd</Extensions>
    </Filter>
    <Filter Include="Resource Files">
      <UniqueIdentifier>{67DA6AB6-F800-4c08-8B7A-83BB121AAD01}</UniqueIdentifier>
      <Extensions>rc;ico;cur;bmp;dlg;rc2;rct;bin;rgs;gif;jpg;jpeg;jpe;resx;tiff;tif;png;wav;mfcribbon-ms</Extensions>
    </Filter>
    <Filter Include="Source Files\Tests">
      <UniqueIdentifier>{54292ce7-f11f-482d-a9d2-52890217f6ef}</UniqueIdentifier>
    </Filter>
  </ItemGroup>
  <ItemGroup>
    <Text Include="ReadMe.txt" />
  </ItemGroup>
  <ItemGroup>
    <ClInclude Include="stdafx.h">
      <Filter>Header Files</Filter>
    </ClInclude>
    <ClInclude Include="targetver.h">
      <Filter>Header Files</Filter>
    </ClInclude>
    <ClInclude Include="AllLocations.h">
      <Filter>Header Files</Filter>
    </ClInclude>
    <ClInclude Include="basic.h">
      <Filter>Header Files</Filter>
    </ClInclude>
    <ClInclude Include="Callsign.h">
      <Filter>Header Files</Filter>
    </ClInclude>
    <ClInclude Include="CallsignToken.h">
      <Filter>Header Files</Filter>
    </ClInclude>
    <ClInclude Include="Category.h">
      <Filter>Header Files</Filter>
    </ClInclude>
    <ClInclude Include="CategoryMgr.h">
      <Filter>Header Files</Filter>
    </ClInclude>
    <ClInclude Include="Club.h">
      <Filter>Header Files</Filter>
    </ClInclude>
    <ClInclude Include="ClubMgr.h">
      <Filter>Header Files</Filter>
    </ClInclude>
    <ClInclude Include="Contest.h">
      <Filter>Header Files</Filter>
    </ClInclude>
    <ClInclude Include="ContestConfig.h">
      <Filter>Header Files</Filter>
    </ClInclude>
    <ClInclude Include="Date.h">
      <Filter>Header Files</Filter>
    </ClInclude>
    <ClInclude Include="DateToken.h">
      <Filter>Header Files</Filter>
    </ClInclude>
    <ClInclude Include="Freq.h">
      <Filter>Header Files</Filter>
    </ClInclude>
    <ClInclude Include="FreqToken.h">
      <Filter>Header Files</Filter>
    </ClInclude>
    <ClInclude Include="HtmlReporter.h">
      <Filter>Header Files</Filter>
    </ClInclude>
    <ClInclude Include="HtmlUtils.h">
      <Filter>Header Files</Filter>
    </ClInclude>
    <ClInclude Include="InstateLocation.h">
      <Filter>Header Files</Filter>
    </ClInclude>
    <ClInclude Include="Location.h">
      <Filter>Header Files</Filter>
    </ClInclude>
    <ClInclude Include="LocationToken.h">
      <Filter>Header Files</Filter>
    </ClInclude>
    <ClInclude Include="Mode.h">
      <Filter>Header Files</Filter>
    </ClInclude>
    <ClInclude Include="ModeToken.h">
      <Filter>Header Files</Filter>
    </ClInclude>
    <ClInclude Include="NameToken.h">
      <Filter>Header Files</Filter>
    </ClInclude>
    <ClInclude Include="Qso.h">
      <Filter>Header Files</Filter>
    </ClInclude>
    <ClInclude Include="QsoError.h">
      <Filter>Header Files</Filter>
    </ClInclude>
    <ClInclude Include="QsoInfo.h">
      <Filter>Header Files</Filter>
    </ClInclude>
    <ClInclude Include="QsoItem.h">
      <Filter>Header Files</Filter>
    </ClInclude>
    <ClInclude Include="QsoName.h">
      <Filter>Header Files</Filter>
    </ClInclude>
    <ClInclude Include="QsoTime.h">
      <Filter>Header Files</Filter>
    </ClInclude>
    <ClInclude Include="QsoTokenType.h">
      <Filter>Header Files</Filter>
    </ClInclude>
    <ClInclude Include="QsoWarning.h">
      <Filter>Header Files</Filter>
    </ClInclude>
    <ClInclude Include="ReportWriter.h">
      <Filter>Header Files</Filter>
    </ClInclude>
    <ClInclude Include="Rst.h">
      <Filter>Header Files</Filter>
    </ClInclude>
    <ClInclude Include="RstToken.h">
      <Filter>Header Files</Filter>
    </ClInclude>
    <ClInclude Include="SerialNumber.h">
      <Filter>Header Files</Filter>
    </ClInclude>
    <ClInclude Include="SerialNumberToken.h">
      <Filter>Header Files</Filter>
    </ClInclude>
    <ClInclude Include="Station.h">
      <Filter>Header Files</Filter>
    </ClInclude>
    <ClInclude Include="StringUtils.h">
      <Filter>Header Files</Filter>
    </ClInclude>
    <ClInclude Include="TextFile.h">
      <Filter>Header Files</Filter>
    </ClInclude>
    <ClInclude Include="TimeToken.h">
      <Filter>Header Files</Filter>
    </ClInclude>
    <ClInclude Include="Win32Utils.h">
      <Filter>Header Files</Filter>
    </ClInclude>
    <ClInclude Include="Tests\Ai4wwTests.h">
      <Filter>Source Files\Tests</Filter>
    </ClInclude>
    <ClInclude Include="Tests\CallsignCopyErrorTests.h">
      <Filter>Source Files\Tests</Filter>
    </ClInclude>
    <ClInclude Include="Tests\CallsignTests.h">
      <Filter>Source Files\Tests</Filter>
    </ClInclude>
    <ClInclude Include="Tests\CategoryTests.h">
      <Filter>Source Files\Tests</Filter>
    </ClInclude>
    <ClInclude Include="Tests\ContestConfigTests.h">
      <Filter>Source Files\Tests</Filter>
    </ClInclude>
    <ClInclude Include="Tests\MiniContest.h">
      <Filter>Source Files\Tests</Filter>
    </ClInclude>
    <ClInclude Include="Tests\N6MU01.h">
      <Filter>Source Files\Tests</Filter>
    </ClInclude>
    <ClInclude Include="Tests\QsoTests.h">
      <Filter>Source Files\Tests</Filter>
    </ClInclude>
    <ClInclude Include="Tests\StationTests.h">
      <Filter>Source Files\Tests</Filter>
    </ClInclude>
    <ClInclude Include="Tests\StringUtilsTests.h">
      <Filter>Source Files\Tests</Filter>
    </ClInclude>
    <ClInclude Include="Tests\TestBase.h">
      <Filter>Source Files\Tests</Filter>
    </ClInclude>
    <ClInclude Include="Tests\TestError.h">
      <Filter>Source Files\Tests</Filter>
    </ClInclude>
    <ClInclude Include="Tests\TestRunner.h">
      <Filter>Source Files\Tests</Filter>
    </ClInclude>
    <ClInclude Include="CheckDxccCountry.h">
      <Filter>Header Files</Filter>
    </ClInclude>
    <ClInclude Include="DxccCountryManager.h">
      <Filter>Header Files</Filter>
    </ClInclude>
    <ClInclude Include="DxccCountry.h">
      <Filter>Header Files</Filter>
    </ClInclude>
    <ClInclude Include="FileUtils.h">
      <Filter>Header Files</Filter>
    </ClInclude>
    <ClInclude Include="MultipliersMgr.h">
      <Filter>Header Files</Filter>
    </ClInclude>
    <ClInclude Include="Multipliers.h">
      <Filter>Header Files</Filter>
    </ClInclude>
    <ClInclude Include="MultipliersPerMode.h">
      <Filter>Header Files</Filter>
    </ClInclude>
    <ClInclude Include="StationResults.h">
      <Filter>Header Files</Filter>
    </ClInclude>
    <ClInclude Include="BonusStationsPerMode.h">
      <Filter>Header Files</Filter>
    </ClInclude>
    <ClInclude Include="BonusStationsPerBandPerMode.h">
      <Filter>Header Files</Filter>
    </ClInclude>
    <ClInclude Include="CustomReportManager.h">
      <Filter>Header Files</Filter>
    </ClInclude>
    <ClInclude Include="CustomReport.h">
      <Filter>Header Files</Filter>
    </ClInclude>
  </ItemGroup>
  <ItemGroup>
    <ClCompile Include="stdafx.cpp">
      <Filter>Source Files</Filter>
    </ClCompile>
    <ClCompile Include="QsoPartyLogChecker.cpp">
      <Filter>Source Files</Filter>
    </ClCompile>
    <ClCompile Include="AllLocations.cpp">
      <Filter>Source Files</Filter>
    </ClCompile>
    <ClCompile Include="basic.cpp">
      <Filter>Source Files</Filter>
    </ClCompile>
    <ClCompile Include="Callsign.cpp">
      <Filter>Source Files</Filter>
    </ClCompile>
    <ClCompile Include="CallsignToken.cpp">
      <Filter>Source Files</Filter>
    </ClCompile>
    <ClCompile Include="Category.cpp">
      <Filter>Source Files</Filter>
    </ClCompile>
    <ClCompile Include="CategoryMgr.cpp">
      <Filter>Source Files</Filter>
    </ClCompile>
    <ClCompile Include="Club.cpp">
      <Filter>Source Files</Filter>
    </ClCompile>
    <ClCompile Include="ClubMgr.cpp">
      <Filter>Source Files</Filter>
    </ClCompile>
    <ClCompile Include="Contest.cpp">
      <Filter>Source Files</Filter>
    </ClCompile>
    <ClCompile Include="ContestConfig.cpp">
      <Filter>Source Files</Filter>
    </ClCompile>
    <ClCompile Include="Date.cpp">
      <Filter>Source Files</Filter>
    </ClCompile>
    <ClCompile Include="DateToken.cpp">
      <Filter>Source Files</Filter>
    </ClCompile>
    <ClCompile Include="Freq.cpp">
      <Filter>Source Files</Filter>
    </ClCompile>
    <ClCompile Include="FreqToken.cpp">
      <Filter>Source Files</Filter>
    </ClCompile>
    <ClCompile Include="HtmlReporter.cpp">
      <Filter>Source Files</Filter>
    </ClCompile>
    <ClCompile Include="HtmlUtils.cpp">
      <Filter>Source Files</Filter>
    </ClCompile>
    <ClCompile Include="InstateLocation.cpp">
      <Filter>Source Files</Filter>
    </ClCompile>
    <ClCompile Include="Location.cpp">
      <Filter>Source Files</Filter>
    </ClCompile>
    <ClCompile Include="LocationToken.cpp">
      <Filter>Source Files</Filter>
    </ClCompile>
    <ClCompile Include="Mode.cpp">
      <Filter>Source Files</Filter>
    </ClCompile>
    <ClCompile Include="ModeToken.cpp">
      <Filter>Source Files</Filter>
    </ClCompile>
    <ClCompile Include="NameToken.cpp">
      <Filter>Source Files</Filter>
    </ClCompile>
    <ClCompile Include="Qso.cpp">
      <Filter>Source Files</Filter>
    </ClCompile>
    <ClCompile Include="QsoError.cpp">
      <Filter>Source Files</Filter>
    </ClCompile>
    <ClCompile Include="QsoInfo.cpp">
      <Filter>Source Files</Filter>
    </ClCompile>
    <ClCompile Include="QsoItem.cpp">
      <Filter>Source Files</Filter>
    </ClCompile>
    <ClCompile Include="QsoName.cpp">
      <Filter>Source Files</Filter>
    </ClCompile>
    <ClCompile Include="QsoTime.cpp">
      <Filter>Source Files</Filter>
    </ClCompile>
    <ClCompile Include="QsoTokenType.cpp">
      <Filter>Source Files</Filter>
    </ClCompile>
    <ClCompile Include="QsoWarning.cpp">
      <Filter>Source Files</Filter>
    </ClCompile>
    <ClCompile Include="ReportWriter.cpp">
      <Filter>Source Files</Filter>
    </ClCompile>
    <ClCompile Include="Rst.cpp">
      <Filter>Source Files</Filter>
    </ClCompile>
    <ClCompile Include="RstToken.cpp">
      <Filter>Source Files</Filter>
    </ClCompile>
    <ClCompile Include="SerialNumber.cpp">
      <Filter>Source Files</Filter>
    </ClCompile>
    <ClCompile Include="SerialNumberToken.cpp">
      <Filter>Source Files</Filter>
    </ClCompile>
    <ClCompile Include="Station.cpp">
      <Filter>Source Files</Filter>
    </ClCompile>
    <ClCompile Include="StringUtils.cpp">
      <Filter>Source Files</Filter>
    </ClCompile>
    <ClCompile Include="TextFile.cpp">
      <Filter>Source Files</Filter>
    </ClCompile>
    <ClCompile Include="TimeToken.cpp">
      <Filter>Source Files</Filter>
    </ClCompile>
    <ClCompile Include="Win32Utils.cpp">
      <Filter>Source Files</Filter>
    </ClCompile>
    <ClCompile Include="Tests\Ai4wwTests.cpp">
      <Filter>Source Files\Tests</Filter>
    </ClCompile>
    <ClCompile Include="Tests\CallsignCopyErrorTests.cpp">
      <Filter>Source Files\Tests</Filter>
    </ClCompile>
    <ClCompile Include="Tests\CallsignTests.cpp">
      <Filter>Source Files\Tests</Filter>
    </ClCompile>
    <ClCompile Include="Tests\CategoryTests.cpp">
      <Filter>Source Files\Tests</Filter>
    </ClCompile>
    <ClCompile Include="Tests\ContestConfigTests.cpp">
      <Filter>Source Files\Tests</Filter>
    </ClCompile>
    <ClCompile Include="Tests\MiniContest.cpp">
      <Filter>Source Files\Tests</Filter>
    </ClCompile>
    <ClCompile Include="Tests\N6MU01.cpp">
      <Filter>Source Files\Tests</Filter>
    </ClCompile>
    <ClCompile Include="Tests\QsoTests.cpp">
      <Filter>Source Files\Tests</Filter>
    </ClCompile>
    <ClCompile Include="Tests\StationTests.cpp">
      <Filter>Source Files\Tests</Filter>
    </ClCompile>
    <ClCompile Include="Tests\StringUtilsTests.cpp">
      <Filter>Source Files\Tests</Filter>
    </ClCompile>
    <ClCompile Include="Tests\TestBase.cpp">
      <Filter>Source Files\Tests</Filter>
    </ClCompile>
    <ClCompile Include="Tests\TestError.cpp">
      <Filter>Source Files\Tests</Filter>
    </ClCompile>
    <ClCompile Include="Tests\TestRunner.cpp">
      <Filter>Source Files\Tests</Filter>
    </ClCompile>
    <ClCompile Include="CheckDxccCountry.cpp">
      <Filter>Source Files</Filter>
    </ClCompile>
    <ClCompile Include="DxccCountryManager.cpp">
      <Filter>Source Files</Filter>
    </ClCompile>
    <ClCompile Include="DxccCountry.cpp">
      <Filter>Source Files</Filter>
    </ClCompile>
    <ClCompile Include="FileUtils.cpp">
      <Filter>Source Files</Filter>
    </ClCompile>
    <ClCompile Include="MultipliersMgr.cpp">
      <Filter>Source Files</Filter>
    </ClCompile>
    <ClCompile Include="Multipliers.cpp">
      <Filter>Source Files</Filter>
    </ClCompile>
    <ClCompile Include="MultipliersPerMode.cpp">
      <Filter>Source Files</Filter>
    </ClCompile>
    <ClCompile Include="StationResults.cpp">
      <Filter>Source Files</Filter>
    </ClCompile>
    <ClCompile Include="BonusStationsPerMode.cpp">
      <Filter>Source Files</Filter>
    </ClCompile>
    <ClCompile Include="BonusStationsPerBandPerMode.cpp">
      <Filter>Source Files</Filter>
    </ClCompile>
    <ClCompile Include="CustomReportManager.cpp">
      <Filter>Source Files</Filter>
    </ClCompile>
    <ClCompile Include="CustomReport.cpp">
      <Filter>Source Files</Filter>
    </ClCompile>
  </ItemGroup>
</Project>